
Microsoft Visual Studio Solution File, Format Version 12.00
# Visual Studio 15
VisualStudioVersion = 15.0.27130.2027
MinimumVisualStudioVersion = 10.0.40219.1
Project("{FAE04EC0-301F-11D3-BF4B-00C04F79EFBC}") = "MoviesApp", "MoviesApp\MoviesApp.csproj", "{6C2350FD-7E65-4337-8633-A0F588B2DDFD}"
EndProject
Global
	GlobalSection(SolutionConfigurationPlatforms) = preSolution
		Debug|Any CPU = Debug|Any CPU
		Release|Any CPU = Release|Any CPU
	EndGlobalSection
	GlobalSection(ProjectConfigurationPlatforms) = postSolution
		{6C2350FD-7E65-4337-8633-A0F588B2DDFD}.Debug|Any CPU.ActiveCfg = Debug|Any CPU
		{6C2350FD-7E65-4337-8633-A0F588B2DDFD}.Debug|Any CPU.Build.0 = Debug|Any CPU
		{6C2350FD-7E65-4337-8633-A0F588B2DDFD}.Release|Any CPU.ActiveCfg = Release|Any CPU
		{6C2350FD-7E65-4337-8633-A0F588B2DDFD}.Release|Any CPU.Build.0 = Release|Any CPU
	EndGlobalSection
	GlobalSection(SolutionProperties) = preSolution
		HideSolutionNode = FALSE
	EndGlobalSection
	GlobalSection(ExtensibilityGlobals) = postSolution
		SolutionGuid = {C79D65C5-55E5-4802-B4C9-B54703CA4E62}
	EndGlobalSection
EndGlobal
